
Microsoft Visual Studio Solution File, Format Version 12.00
# Visual Studio Version 17
VisualStudioVersion = 17.9.34728.123
MinimumVisualStudioVersion = 10.0.40219.1
Project("{E24C65DC-7377-472B-9ABA-BC803B73C61A}") = "Client", "Client\", "{357F795C-ACEA-4333-93BA-9B83D56102CF}"
	ProjectSection(WebsiteProperties) = preProject
		TargetFrameworkMoniker = ".NETFramework,Version%3Dv4.0"
		Debug.AspNetCompiler.VirtualPath = "/localhost_3032"
		Debug.AspNetCompiler.PhysicalPath = "Client\"
		Debug.AspNetCompiler.TargetPath = "PrecompiledWeb\localhost_3032\"
		Debug.AspNetCompiler.Updateable = "true"
		Debug.AspNetCompiler.ForceOverwrite = "true"
		Debug.AspNetCompiler.FixedNames = "false"
		Debug.AspNetCompiler.Debug = "True"
		Release.AspNetCompiler.VirtualPath = "/localhost_3032"
		Release.AspNetCompiler.PhysicalPath = "Client\"
		Release.AspNetCompiler.TargetPath = "PrecompiledWeb\localhost_3032\"
		Release.AspNetCompiler.Updateable = "true"
		Release.AspNetCompiler.ForceOverwrite = "true"
		Release.AspNetCompiler.FixedNames = "false"
		Release.AspNetCompiler.Debug = "False"
		VWDPort = "3032"
	EndProjectSection
EndProject
Project("{9A19103F-16F7-4668-BE54-9A1E7A4F7556}") = "Server", "ApiServer\Server.csproj", "{F67EC478-2B5C-4C12-B8C8-4FECAB4C210B}"
EndProject
Global
	GlobalSection(SolutionConfigurationPlatforms) = preSolution
		Debug|Any CPU = Debug|Any CPU
		Release|Any CPU = Release|Any CPU
	EndGlobalSection
	GlobalSection(ProjectConfigurationPlatforms) = postSolution
		{357F795C-ACEA-4333-93BA-9B83D56102CF}.Debug|Any CPU.ActiveCfg = Debug|Any CPU
		{357F795C-ACEA-4333-93BA-9B83D56102CF}.Debug|Any CPU.Build.0 = Debug|Any CPU
		{357F795C-ACEA-4333-93BA-9B83D56102CF}.Release|Any CPU.ActiveCfg = Debug|Any CPU
		{357F795C-ACEA-4333-93BA-9B83D56102CF}.Release|Any CPU.Build.0 = Debug|Any CPU
		{F67EC478-2B5C-4C12-B8C8-4FECAB4C210B}.Debug|Any CPU.ActiveCfg = Debug|Any CPU
		{F67EC478-2B5C-4C12-B8C8-4FECAB4C210B}.Debug|Any CPU.Build.0 = Debug|Any CPU
		{F67EC478-2B5C-4C12-B8C8-4FECAB4C210B}.Release|Any CPU.ActiveCfg = Release|Any CPU
		{F67EC478-2B5C-4C12-B8C8-4FECAB4C210B}.Release|Any CPU.Build.0 = Release|Any CPU
	EndGlobalSection
	GlobalSection(SolutionProperties) = preSolution
		HideSolutionNode = FALSE
	EndGlobalSection
	GlobalSection(ExtensibilityGlobals) = postSolution
		SolutionGuid = {028ECCEA-2BF0-48CC-BBF3-48857623372D}
	EndGlobalSection
EndGlobal
