
Microsoft Visual Studio Solution File, Format Version 12.00
# Visual Studio Version 17
VisualStudioVersion = 17.9.34728.123
MinimumVisualStudioVersion = 10.0.40219.1
Project("{FAE04EC0-301F-11D3-BF4B-00C04F79EFBC}") = "Dynastron.Software.Server", "Dynastron.Software.Server\Dynastron.Software.Server.csproj", "{CAD84DBD-DFF1-4591-83AE-992A14B1E541}"
EndProject
Project("{54A90642-561A-4BB1-A94E-469ADEE60C69}") = "dynastron.software.client", "dynastron.software.client\dynastron.software.client.esproj", "{DD35D644-DD54-4C0E-A253-CB60BA6BC115}"
EndProject
Global
	GlobalSection(SolutionConfigurationPlatforms) = preSolution
		Debug|Any CPU = Debug|Any CPU
		Release|Any CPU = Release|Any CPU
	EndGlobalSection
	GlobalSection(ProjectConfigurationPlatforms) = postSolution
		{CAD84DBD-DFF1-4591-83AE-992A14B1E541}.Debug|Any CPU.ActiveCfg = Debug|Any CPU
		{CAD84DBD-DFF1-4591-83AE-992A14B1E541}.Debug|Any CPU.Build.0 = Debug|Any CPU
		{CAD84DBD-DFF1-4591-83AE-992A14B1E541}.Release|Any CPU.ActiveCfg = Release|Any CPU
		{CAD84DBD-DFF1-4591-83AE-992A14B1E541}.Release|Any CPU.Build.0 = Release|Any CPU
		{DD35D644-DD54-4C0E-A253-CB60BA6BC115}.Debug|Any CPU.ActiveCfg = Debug|Any CPU
		{DD35D644-DD54-4C0E-A253-CB60BA6BC115}.Debug|Any CPU.Build.0 = Debug|Any CPU
		{DD35D644-DD54-4C0E-A253-CB60BA6BC115}.Debug|Any CPU.Deploy.0 = Debug|Any CPU
		{DD35D644-DD54-4C0E-A253-CB60BA6BC115}.Release|Any CPU.ActiveCfg = Release|Any CPU
		{DD35D644-DD54-4C0E-A253-CB60BA6BC115}.Release|Any CPU.Build.0 = Release|Any CPU
		{DD35D644-DD54-4C0E-A253-CB60BA6BC115}.Release|Any CPU.Deploy.0 = Release|Any CPU
	EndGlobalSection
	GlobalSection(SolutionProperties) = preSolution
		HideSolutionNode = FALSE
	EndGlobalSection
	GlobalSection(ExtensibilityGlobals) = postSolution
		SolutionGuid = {028ECCEA-2BF0-48CC-BBF3-48857623372D}
	EndGlobalSection
EndGlobal
